{
    "_readme": [
        "This file locks the dependencies of your project to a known state",
        "Read more about it at https://getcomposer.org/doc/01-basic-usage.md#installing-dependencies",
        "This file is @generated automatically"
    ],
    "content-hash": "59232d5f011eb0a6bbf2692a0f83da12",
    "packages": [
        {
            "name": "wilkques/http-client",
            "version": "dev-master",
            "source": {
                "type": "git",
                "url": "https://github.com/wilkques/http-client.git",
                "reference": "ae8c073bc3145d352adc747716acdf465ce07f80"
            },
            "dist": {
                "type": "zip",
                "url": "https://api.github.com/repos/wilkques/http-client/zipball/ae8c073bc3145d352adc747716acdf465ce07f80",
                "reference": "ae8c073bc3145d352adc747716acdf465ce07f80",
                "shasum": ""
            },
            "require": {
                "ext-curl": "*",
                "ext-json": "*",
                "php": ">=7.0"
            },
            "default-branch": true,
            "type": "library",
            "autoload": {
                "psr-4": {
                    "Wilkques\\HttpClient\\": "src"
                }
            },
            "notification-url": "https://packagist.org/downloads/",
            "license": [
                "MIT"
            ],
            "description": "http-client",
            "support": {
                "issues": "https://github.com/wilkques/http-client/issues",
                "source": "https://github.com/wilkques/http-client/tree/master"
            },
            "time": "2021-04-30T02:55:05+00:00"
        }
    ],
    "packages-dev": [],
    "aliases": [],
    "minimum-stability": "stable",
    "stability-flags": {
        "wilkques/http-client": 20
    },
    "prefer-stable": false,
    "prefer-lowest": false,
    "platform": {
        "php": ">=7.0",
        "ext-json": "*",
        "ext-curl": "*"
    },
    "platform-dev": [],
    "plugin-api-version": "2.0.0"
}
